
Microsoft Visual Studio Solution File, Format Version 12.00
# Visual Studio Version 17
VisualStudioVersion = 17.0.32112.339
MinimumVisualStudioVersion = 10.0.40219.1
Project("{2150E333-8FDC-42A3-9474-1A3956D46DE8}") = "Doc", "Doc", "{B8CE130C-2019-47ED-BC1C-0E0D14BACC42}"
EndProject
Project("{2150E333-8FDC-42A3-9474-1A3956D46DE8}") = "Src", "Src", "{89129C8E-9178-48BC-955A-7940AF3913CA}"
EndProject
Project("{2150E333-8FDC-42A3-9474-1A3956D46DE8}") = "Test", "Test", "{E0ED174F-8800-4067-ACBD-E1E0929B5CC6}"
EndProject
Project("{2150E333-8FDC-42A3-9474-1A3956D46DE8}") = "Core", "Core", "{D4F325D4-19D1-416C-A116-5F8D8D833D68}"
EndProject
Project("{2150E333-8FDC-42A3-9474-1A3956D46DE8}") = "Infrastructure", "Infrastructure", "{64E08C5C-CE03-4BF1-BA80-4F721C250664}"
EndProject
Project("{2150E333-8FDC-42A3-9474-1A3956D46DE8}") = "Presentation", "Presentation", "{75D9EA1A-C755-4D9E-B159-66B9F33A1CED}"
EndProject
Project("{2150E333-8FDC-42A3-9474-1A3956D46DE8}") = "Common", "Common", "{029ED0AC-3A88-4A49-954B-435A3343C8D2}"
EndProject
Project("{9A19103F-16F7-4668-BE54-9A1E7A4F7556}") = "Palizma.Domain", "Palizma.Domain\Palizma.Domain.csproj", "{96F58B1A-313F-4348-A6F4-EE5F9D2B3620}"
EndProject
Project("{9A19103F-16F7-4668-BE54-9A1E7A4F7556}") = "Palizma.Application", "Palizma.Application\Palizma.Application.csproj", "{ED8D0C7B-ABC5-40DA-8D70-EFB5D92CDF46}"
EndProject
Project("{9A19103F-16F7-4668-BE54-9A1E7A4F7556}") = "Palizma.Infrastructure", "Palizma.Infrastructure\Palizma.Infrastructure.csproj", "{7C87DDFE-264F-47AE-A057-CD1537075B1E}"
EndProject
Project("{9A19103F-16F7-4668-BE54-9A1E7A4F7556}") = "Palizma.Persistence", "Palizma.Persistence\Palizma.Persistence.csproj", "{28C715B9-B560-4B13-86E7-5F4481F9F1EC}"
EndProject
Project("{9A19103F-16F7-4668-BE54-9A1E7A4F7556}") = "Palizma.Common", "Palizma.Common\Palizma.Common.csproj", "{05880BAF-F8A6-439D-8E4F-8D4CF60AB4D6}"
EndProject
Project("{9A19103F-16F7-4668-BE54-9A1E7A4F7556}") = "Palizma.Web", "Palizma.Web\Palizma.Web.csproj", "{9F69D8FE-A7BE-4BF8-8C4F-AB32BFAB55D2}"
EndProject
Project("{FAE04EC0-301F-11D3-BF4B-00C04F79EFBC}") = "Palizma.Admin", "Palizma.Admin\Palizma.Admin.csproj", "{4B49B3EB-FA5A-4DCD-BEB2-D792CE9826A3}"
EndProject
Global
	GlobalSection(SolutionConfigurationPlatforms) = preSolution
		Debug|Any CPU = Debug|Any CPU
		Release|Any CPU = Release|Any CPU
	EndGlobalSection
	GlobalSection(ProjectConfigurationPlatforms) = postSolution
		{96F58B1A-313F-4348-A6F4-EE5F9D2B3620}.Debug|Any CPU.ActiveCfg = Debug|Any CPU
		{96F58B1A-313F-4348-A6F4-EE5F9D2B3620}.Debug|Any CPU.Build.0 = Debug|Any CPU
		{96F58B1A-313F-4348-A6F4-EE5F9D2B3620}.Release|Any CPU.ActiveCfg = Release|Any CPU
		{96F58B1A-313F-4348-A6F4-EE5F9D2B3620}.Release|Any CPU.Build.0 = Release|Any CPU
		{ED8D0C7B-ABC5-40DA-8D70-EFB5D92CDF46}.Debug|Any CPU.ActiveCfg = Debug|Any CPU
		{ED8D0C7B-ABC5-40DA-8D70-EFB5D92CDF46}.Debug|Any CPU.Build.0 = Debug|Any CPU
		{ED8D0C7B-ABC5-40DA-8D70-EFB5D92CDF46}.Release|Any CPU.ActiveCfg = Release|Any CPU
		{ED8D0C7B-ABC5-40DA-8D70-EFB5D92CDF46}.Release|Any CPU.Build.0 = Release|Any CPU
		{7C87DDFE-264F-47AE-A057-CD1537075B1E}.Debug|Any CPU.ActiveCfg = Debug|Any CPU
		{7C87DDFE-264F-47AE-A057-CD1537075B1E}.Debug|Any CPU.Build.0 = Debug|Any CPU
		{7C87DDFE-264F-47AE-A057-CD1537075B1E}.Release|Any CPU.ActiveCfg = Release|Any CPU
		{7C87DDFE-264F-47AE-A057-CD1537075B1E}.Release|Any CPU.Build.0 = Release|Any CPU
		{28C715B9-B560-4B13-86E7-5F4481F9F1EC}.Debug|Any CPU.ActiveCfg = Debug|Any CPU
		{28C715B9-B560-4B13-86E7-5F4481F9F1EC}.Debug|Any CPU.Build.0 = Debug|Any CPU
		{28C715B9-B560-4B13-86E7-5F4481F9F1EC}.Release|Any CPU.ActiveCfg = Release|Any CPU
		{28C715B9-B560-4B13-86E7-5F4481F9F1EC}.Release|Any CPU.Build.0 = Release|Any CPU
		{05880BAF-F8A6-439D-8E4F-8D4CF60AB4D6}.Debug|Any CPU.ActiveCfg = Debug|Any CPU
		{05880BAF-F8A6-439D-8E4F-8D4CF60AB4D6}.Debug|Any CPU.Build.0 = Debug|Any CPU
		{05880BAF-F8A6-439D-8E4F-8D4CF60AB4D6}.Release|Any CPU.ActiveCfg = Release|Any CPU
		{05880BAF-F8A6-439D-8E4F-8D4CF60AB4D6}.Release|Any CPU.Build.0 = Release|Any CPU
		{9F69D8FE-A7BE-4BF8-8C4F-AB32BFAB55D2}.Debug|Any CPU.ActiveCfg = Debug|Any CPU
		{9F69D8FE-A7BE-4BF8-8C4F-AB32BFAB55D2}.Debug|Any CPU.Build.0 = Debug|Any CPU
		{9F69D8FE-A7BE-4BF8-8C4F-AB32BFAB55D2}.Release|Any CPU.ActiveCfg = Release|Any CPU
		{9F69D8FE-A7BE-4BF8-8C4F-AB32BFAB55D2}.Release|Any CPU.Build.0 = Release|Any CPU
		{4B49B3EB-FA5A-4DCD-BEB2-D792CE9826A3}.Debug|Any CPU.ActiveCfg = Debug|Any CPU
		{4B49B3EB-FA5A-4DCD-BEB2-D792CE9826A3}.Debug|Any CPU.Build.0 = Debug|Any CPU
		{4B49B3EB-FA5A-4DCD-BEB2-D792CE9826A3}.Release|Any CPU.ActiveCfg = Release|Any CPU
		{4B49B3EB-FA5A-4DCD-BEB2-D792CE9826A3}.Release|Any CPU.Build.0 = Release|Any CPU
	EndGlobalSection
	GlobalSection(SolutionProperties) = preSolution
		HideSolutionNode = FALSE
	EndGlobalSection
	GlobalSection(NestedProjects) = preSolution
		{D4F325D4-19D1-416C-A116-5F8D8D833D68} = {89129C8E-9178-48BC-955A-7940AF3913CA}
		{64E08C5C-CE03-4BF1-BA80-4F721C250664} = {89129C8E-9178-48BC-955A-7940AF3913CA}
		{75D9EA1A-C755-4D9E-B159-66B9F33A1CED} = {89129C8E-9178-48BC-955A-7940AF3913CA}
		{029ED0AC-3A88-4A49-954B-435A3343C8D2} = {89129C8E-9178-48BC-955A-7940AF3913CA}
		{96F58B1A-313F-4348-A6F4-EE5F9D2B3620} = {D4F325D4-19D1-416C-A116-5F8D8D833D68}
		{ED8D0C7B-ABC5-40DA-8D70-EFB5D92CDF46} = {D4F325D4-19D1-416C-A116-5F8D8D833D68}
		{7C87DDFE-264F-47AE-A057-CD1537075B1E} = {64E08C5C-CE03-4BF1-BA80-4F721C250664}
		{28C715B9-B560-4B13-86E7-5F4481F9F1EC} = {64E08C5C-CE03-4BF1-BA80-4F721C250664}
		{05880BAF-F8A6-439D-8E4F-8D4CF60AB4D6} = {029ED0AC-3A88-4A49-954B-435A3343C8D2}
		{9F69D8FE-A7BE-4BF8-8C4F-AB32BFAB55D2} = {75D9EA1A-C755-4D9E-B159-66B9F33A1CED}
		{4B49B3EB-FA5A-4DCD-BEB2-D792CE9826A3} = {75D9EA1A-C755-4D9E-B159-66B9F33A1CED}
	EndGlobalSection
	GlobalSection(ExtensibilityGlobals) = postSolution
		SolutionGuid = {FA9DA5F8-2CE7-447C-A1B9-7608669720E1}
	EndGlobalSection
EndGlobal
